// !$*UTF8*$!
{
	archiveVersion = 1;
	classes = {
	};
	objectVersion = 56;
	objects = {

/* Begin PBXBuildFile section */
		70E4D4E42A535AB90081A56C /* animationsApp.swift in Sources */ = {isa = PBXBuildFile; fileRef = 70E4D4E32A535AB90081A56C /* animationsApp.swift */; };
		70E4D4E62A535AB90081A56C /* ContentView.swift in Sources */ = {isa = PBXBuildFile; fileRef = 70E4D4E52A535AB90081A56C /* ContentView.swift */; };
		70E4D4E82A535ABA0081A56C /* Assets.xcassets in Resources */ = {isa = PBXBuildFile; fileRef = 70E4D4E72A535ABA0081A56C /* Assets.xcassets */; };
		70E4D4EB2A535ABA0081A56C /* Preview Assets.xcassets in Resources */ = {isa = PBXBuildFile; fileRef = 70E4D4EA2A535ABA0081A56C /* Preview Assets.xcassets */; };
		70E4D4F52A535ABA0081A56C /* animationsTests.swift in Sources */ = {isa = PBXBuildFile; fileRef = 70E4D4F42A535ABA0081A56C /* animationsTests.swift */; };
		70E4D4FF2A535ABA0081A56C /* animationsUITests.swift in Sources */ = {isa = PBXBuildFile; fileRef = 70E4D4FE2A535ABA0081A56C /* animationsUITests.swift */; };
		70E4D5012A535ABA0081A56C /* animationsUITestsLaunchTests.swift in Sources */ = {isa = PBXBuildFile; fileRef = 70E4D5002A535ABA0081A56C /* animationsUITestsLaunchTests.swift */; };
/* End PBXBuildFile section */

/* Begin PBXContainerItemProxy section */
		70E4D4F12A535ABA0081A56C /* PBXContainerItemProxy */ = {
			isa = PBXContainerItemProxy;
			containerPortal = 70E4D4D82A535AB90081A56C /* Project object */;
			proxyType = 1;
			remoteGlobalIDString = 70E4D4DF2A535AB90081A56C;
			remoteInfo = animations;
		};
		70E4D4FB2A535ABA0081A56C /* PBXContainerItemProxy */ = {
			isa = PBXContainerItemProxy;
			containerPortal = 70E4D4D82A535AB90081A56C /* Project object */;
			proxyType = 1;
			remoteGlobalIDString = 70E4D4DF2A535AB90081A56C;
			remoteInfo = animations;
		};
/* End PBXContainerItemProxy section */

/* Begin PBXFileReference section */
		70E4D4E02A535AB90081A56C /* animations.app */ = {isa = PBXFileReference; explicitFileType = wrapper.application; includeInIndex = 0; path = animations.app; sourceTree = BUILT_PRODUCTS_DIR; };
		70E4D4E32A535AB90081A56C /* animationsApp.swift */ = {isa = PBXFileReference; lastKnownFileType = sourcecode.swift; path = animationsApp.swift; sourceTree = "<group>"; };
		70E4D4E52A535AB90081A56C /* ContentView.swift */ = {isa = PBXFileReference; lastKnownFileType = sourcecode.swift; path = ContentView.swift; sourceTree = "<group>"; };
		70E4D4E72A535ABA0081A56C /* Assets.xcassets */ = {isa = PBXFileReference; lastKnownFileType = folder.assetcatalog; path = Assets.xcassets; sourceTree = "<group>"; };
		70E4D4EA2A535ABA0081A56C /* Preview Assets.xcassets */ = {isa = PBXFileReference; lastKnownFileType = folder.assetcatalog; path = "Preview Assets.xcassets"; sourceTree = "<group>"; };
		70E4D4F02A535ABA0081A56C /* animationsTests.xctest */ = {isa = PBXFileReference; explicitFileType = wrapper.cfbundle; includeInIndex = 0; path = animationsTests.xctest; sourceTree = BUILT_PRODUCTS_DIR; };
		70E4D4F42A535ABA0081A56C /* animationsTests.swift */ = {isa = PBXFileReference; lastKnownFileType = sourcecode.swift; path = animationsTests.swift; sourceTree = "<group>"; };
		70E4D4FA2A535ABA0081A56C /* animationsUITests.xctest */ = {isa = PBXFileReference; explicitFileType = wrapper.cfbundle; includeInIndex = 0; path = animationsUITests.xctest; sourceTree = BUILT_PRODUCTS_DIR; };
		70E4D4FE2A535ABA0081A56C /* animationsUITests.swift */ = {isa = PBXFileReference; lastKnownFileType = sourcecode.swift; path = animationsUITests.swift; sourceTree = "<group>"; };
		70E4D5002A535ABA0081A56C /* animationsUITestsLaunchTests.swift */ = {isa = PBXFileReference; lastKnownFileType = sourcecode.swift; path = animationsUITestsLaunchTests.swift; sourceTree = "<group>"; };
/* End PBXFileReference section */

/* Begin PBXFrameworksBuildPhase section */
		70E4D4DD2A535AB90081A56C /* Frameworks */ = {
			isa = PBXFrameworksBuildPhase;
			buildActionMask = 2147483647;
			files = (
			);
			runOnlyForDeploymentPostprocessing = 0;
		};
		70E4D4ED2A535ABA0081A56C /* Frameworks */ = {
			isa = PBXFrameworksBuildPhase;
			buildActionMask = 2147483647;
			files = (
			);
			runOnlyForDeploymentPostprocessing = 0;
		};
		70E4D4F72A535ABA0081A56C /* Frameworks */ = {
			isa = PBXFrameworksBuildPhase;
			buildActionMask = 2147483647;
			files = (
			);
			runOnlyForDeploymentPostprocessing = 0;
		};
/* End PBXFrameworksBuildPhase section */

/* Begin PBXGroup section */
		70E4D4D72A535AB90081A56C = {
			isa = PBXGroup;
			children = (
				70E4D4E22A535AB90081A56C /* animations */,
				70E4D4F32A535ABA0081A56C /* animationsTests */,
				70E4D4FD2A535ABA0081A56C /* animationsUITests */,
				70E4D4E12A535AB90081A56C /* Products */,
			);
			sourceTree = "<group>";
		};
		70E4D4E12A535AB90081A56C /* Products */ = {
			isa = PBXGroup;
			children = (
				70E4D4E02A535AB90081A56C /* animations.app */,
				70E4D4F02A535ABA0081A56C /* animationsTests.xctest */,
				70E4D4FA2A535ABA0081A56C /* animationsUITests.xctest */,
			);
			name = Products;
			sourceTree = "<group>";
		};
		70E4D4E22A535AB90081A56C /* animations */ = {
			isa = PBXGroup;
			children = (
				70E4D4E32A535AB90081A56C /* animationsApp.swift */,
				70E4D4E52A535AB90081A56C /* ContentView.swift */,
				70E4D4E72A535ABA0081A56C /* Assets.xcassets */,
				70E4D4E92A535ABA0081A56C /* Preview Content */,
			);
			path = animations;
			sourceTree = "<group>";
		};
		70E4D4E92A535ABA0081A56C /* Preview Content */ = {
			isa = PBXGroup;
			children = (
				70E4D4EA2A535ABA0081A56C /* Preview Assets.xcassets */,
			);
			path = "Preview Content";
			sourceTree = "<group>";
		};
		70E4D4F32A535ABA0081A56C /* animationsTests */ = {
			isa = PBXGroup;
			children = (
				70E4D4F42A535ABA0081A56C /* animationsTests.swift */,
			);
			path = animationsTests;
			sourceTree = "<group>";
		};
		70E4D4FD2A535ABA0081A56C /* animationsUITests */ = {
			isa = PBXGroup;
			children = (
				70E4D4FE2A535ABA0081A56C /* animationsUITests.swift */,
				70E4D5002A535ABA0081A56C /* animationsUITestsLaunchTests.swift */,
			);
			path = animationsUITests;
			sourceTree = "<group>";
		};
/* End PBXGroup section */

/* Begin PBXNativeTarget section */
		70E4D4DF2A535AB90081A56C /* animations */ = {
			isa = PBXNativeTarget;
			buildConfigurationList = 70E4D5042A535ABA0081A56C /* Build configuration list for PBXNativeTarget "animations" */;
			buildPhases = (
				70E4D4DC2A535AB90081A56C /* Sources */,
				70E4D4DD2A535AB90081A56C /* Frameworks */,
				70E4D4DE2A535AB90081A56C /* Resources */,
			);
			buildRules = (
			);
			dependencies = (
			);
			name = animations;
			productName = animations;
			productReference = 70E4D4E02A535AB90081A56C /* animations.app */;
			productType = "com.apple.product-type.application";
		};
		70E4D4EF2A535ABA0081A56C /* animationsTests */ = {
			isa = PBXNativeTarget;
			buildConfigurationList = 70E4D5072A535ABA0081A56C /* Build configuration list for PBXNativeTarget "animationsTests" */;
			buildPhases = (
				70E4D4EC2A535ABA0081A56C /* Sources */,
				70E4D4ED2A535ABA0081A56C /* Frameworks */,
				70E4D4EE2A535ABA0081A56C /* Resources */,
			);
			buildRules = (
			);
			dependencies = (
				70E4D4F22A535ABA0081A56C /* PBXTargetDependency */,
			);
			name = animationsTests;
			productName = animationsTests;
			productReference = 70E4D4F02A535ABA0081A56C /* animationsTests.xctest */;
			productType = "com.apple.product-type.bundle.unit-test";
		};
		70E4D4F92A535ABA0081A56C /* animationsUITests */ = {
			isa = PBXNativeTarget;
			buildConfigurationList = 70E4D50A2A535ABA0081A56C /* Build configuration list for PBXNativeTarget "animationsUITests" */;
			buildPhases = (
				70E4D4F62A535ABA0081A56C /* Sources */,
				70E4D4F72A535ABA0081A56C /* Frameworks */,
				70E4D4F82A535ABA0081A56C /* Resources */,
			);
			buildRules = (
			);
			dependencies = (
				70E4D4FC2A535ABA0081A56C /* PBXTargetDependency */,
			);
			name = animationsUITests;
			productName = animationsUITests;
			productReference = 70E4D4FA2A535ABA0081A56C /* animationsUITests.xctest */;
			productType = "com.apple.product-type.bundle.ui-testing";
		};
/* End PBXNativeTarget section */

/* Begin PBXProject section */
		70E4D4D82A535AB90081A56C /* Project object */ = {
			isa = PBXProject;
			attributes = {
				BuildIndependentTargetsInParallel = 1;
				LastSwiftUpdateCheck = 1430;
				LastUpgradeCheck = 1430;
				TargetAttributes = {
					70E4D4DF2A535AB90081A56C = {
						CreatedOnToolsVersion = 14.3.1;
					};
					70E4D4EF2A535ABA0081A56C = {
						CreatedOnToolsVersion = 14.3.1;
						TestTargetID = 70E4D4DF2A535AB90081A56C;
					};
					70E4D4F92A535ABA0081A56C = {
						CreatedOnToolsVersion = 14.3.1;
						TestTargetID = 70E4D4DF2A535AB90081A56C;
					};
				};
			};
			buildConfigurationList = 70E4D4DB2A535AB90081A56C /* Build configuration list for PBXProject "animations" */;
			compatibilityVersion = "Xcode 14.0";
			developmentRegion = en;
			hasScannedForEncodings = 0;
			knownRegions = (
				en,
				Base,
			);
			mainGroup = 70E4D4D72A535AB90081A56C;
			productRefGroup = 70E4D4E12A535AB90081A56C /* Products */;
			projectDirPath = "";
			projectRoot = "";
			targets = (
				70E4D4DF2A535AB90081A56C /* animations */,
				70E4D4EF2A535ABA0081A56C /* animationsTests */,
				70E4D4F92A535ABA0081A56C /* animationsUITests */,
			);
		};
/* End PBXProject section */

/* Begin PBXResourcesBuildPhase section */
		70E4D4DE2A535AB90081A56C /* Resources */ = {
			isa = PBXResourcesBuildPhase;
			buildActionMask = 2147483647;
			files = (
				70E4D4EB2A535ABA0081A56C /* Preview Assets.xcassets in Resources */,
				70E4D4E82A535ABA0081A56C /* Assets.xcassets in Resources */,
			);
			runOnlyForDeploymentPostprocessing = 0;
		};
		70E4D4EE2A535ABA0081A56C /* Resources */ = {
			isa = PBXResourcesBuildPhase;
			buildActionMask = 2147483647;
			files = (
			);
			runOnlyForDeploymentPostprocessing = 0;
		};
		70E4D4F82A535ABA0081A56C /* Resources */ = {
			isa = PBXResourcesBuildPhase;
			buildActionMask = 2147483647;
			files = (
			);
			runOnlyForDeploymentPostprocessing = 0;
		};
/* End PBXResourcesBuildPhase section */

/* Begin PBXSourcesBuildPhase section */
		70E4D4DC2A535AB90081A56C /* Sources */ = {
			isa = PBXSourcesBuildPhase;
			buildActionMask = 2147483647;
			files = (
				70E4D4E62A535AB90081A56C /* ContentView.swift in Sources */,
				70E4D4E42A535AB90081A56C /* animationsApp.swift in Sources */,
			);
			runOnlyForDeploymentPostprocessing = 0;
		};
		70E4D4EC2A535ABA0081A56C /* Sources */ = {
			isa = PBXSourcesBuildPhase;
			buildActionMask = 2147483647;
			files = (
				70E4D4F52A535ABA0081A56C /* animationsTests.swift in Sources */,
			);
			runOnlyForDeploymentPostprocessing = 0;
		};
		70E4D4F62A535ABA0081A56C /* Sources */ = {
			isa = PBXSourcesBuildPhase;
			buildActionMask = 2147483647;
			files = (
				70E4D4FF2A535ABA0081A56C /* animationsUITests.swift in Sources */,
				70E4D5012A535ABA0081A56C /* animationsUITestsLaunchTests.swift in Sources */,
			);
			runOnlyForDeploymentPostprocessing = 0;
		};
/* End PBXSourcesBuildPhase section */

/* Begin PBXTargetDependency section */
		70E4D4F22A535ABA0081A56C /* PBXTargetDependency */ = {
			isa = PBXTargetDependency;
			target = 70E4D4DF2A535AB90081A56C /* animations */;
			targetProxy = 70E4D4F12A535ABA0081A56C /* PBXContainerItemProxy */;
		};
		70E4D4FC2A535ABA0081A56C /* PBXTargetDependency */ = {
			isa = PBXTargetDependency;
			target = 70E4D4DF2A535AB90081A56C /* animations */;
			targetProxy = 70E4D4FB2A535ABA0081A56C /* PBXContainerItemProxy */;
		};
/* End PBXTargetDependency section */

/* Begin XCBuildConfiguration section */
		70E4D5022A535ABA0081A56C /* Debug */ = {
			isa = XCBuildConfiguration;
			buildSettings = {
				ALWAYS_SEARCH_USER_PATHS = NO;
				CLANG_ANALYZER_NONNULL = YES;
				CLANG_ANALYZER_NUMBER_OBJECT_CONVERSION = YES_AGGRESSIVE;
				CLANG_CXX_LANGUAGE_STANDARD = "gnu++20";
				CLANG_ENABLE_MODULES = YES;
				CLANG_ENABLE_OBJC_ARC = YES;
				CLANG_ENABLE_OBJC_WEAK = YES;
				CLANG_WARN_BLOCK_CAPTURE_AUTORELEASING = YES;
				CLANG_WARN_BOOL_CONVERSION = YES;
				CLANG_WARN_COMMA = YES;
				CLANG_WARN_CONSTANT_CONVERSION = YES;
				CLANG_WARN_DEPRECATED_OBJC_IMPLEMENTATIONS = YES;
				CLANG_WARN_DIRECT_OBJC_ISA_USAGE = YES_ERROR;
				CLANG_WARN_DOCUMENTATION_COMMENTS = YES;
				CLANG_WARN_EMPTY_BODY = YES;
				CLANG_WARN_ENUM_CONVERSION = YES;
				CLANG_WARN_INFINITE_RECURSION = YES;
				CLANG_WARN_INT_CONVERSION = YES;
				CLANG_WARN_NON_LITERAL_NULL_CONVERSION = YES;
				CLANG_WARN_OBJC_IMPLICIT_RETAIN_SELF = YES;
				CLANG_WARN_OBJC_LITERAL_CONVERSION = YES;
				CLANG_WARN_OBJC_ROOT_CLASS = YES_ERROR;
				CLANG_WARN_QUOTED_INCLUDE_IN_FRAMEWORK_HEADER = YES;
				CLANG_WARN_RANGE_LOOP_ANALYSIS = YES;
				CLANG_WARN_STRICT_PROTOTYPES = YES;
				CLANG_WARN_SUSPICIOUS_MOVE = YES;
				CLANG_WARN_UNGUARDED_AVAILABILITY = YES_AGGRESSIVE;
				CLANG_WARN_UNREACHABLE_CODE = YES;
				CLANG_WARN__DUPLICATE_METHOD_MATCH = YES;
				COPY_PHASE_STRIP = NO;
				DEBUG_INFORMATION_FORMAT = dwarf;
				ENABLE_STRICT_OBJC_MSGSEND = YES;
				ENABLE_TESTABILITY = YES;
				GCC_C_LANGUAGE_STANDARD = gnu11;
				GCC_DYNAMIC_NO_PIC = NO;
				GCC_NO_COMMON_BLOCKS = YES;
				GCC_OPTIMIZATION_LEVEL = 0;
				GCC_PREPROCESSOR_DEFINITIONS = (
					"DEBUG=1",
					"$(inherited)",
				);
				GCC_WARN_64_TO_32_BIT_CONVERSION = YES;
				GCC_WARN_ABOUT_RETURN_TYPE = YES_ERROR;
				GCC_WARN_UNDECLARED_SELECTOR = YES;
				GCC_WARN_UNINITIALIZED_AUTOS = YES_AGGRESSIVE;
				GCC_WARN_UNUSED_FUNCTION = YES;
				GCC_WARN_UNUSED_VARIABLE = YES;
				IPHONEOS_DEPLOYMENT_TARGET = 16.4;
				MTL_ENABLE_DEBUG_INFO = INCLUDE_SOURCE;
				MTL_FAST_MATH = YES;
				ONLY_ACTIVE_ARCH = YES;
				SDKROOT = iphoneos;
				SWIFT_ACTIVE_COMPILATION_CONDITIONS = DEBUG;
				SWIFT_OPTIMIZATION_LEVEL = "-Onone";
			};
			name = Debug;
		};
		70E4D5032A535ABA0081A56C /* Release */ = {
			isa = XCBuildConfiguration;
			buildSettings = {
				ALWAYS_SEARCH_USER_PATHS = NO;
				CLANG_ANALYZER_NONNULL = YES;
				CLANG_ANALYZER_NUMBER_OBJECT_CONVERSION = YES_AGGRESSIVE;
				CLANG_CXX_LANGUAGE_STANDARD = "gnu++20";
				CLANG_ENABLE_MODULES = YES;
				CLANG_ENABLE_OBJC_ARC = YES;
				CLANG_ENABLE_OBJC_WEAK = YES;
				CLANG_WARN_BLOCK_CAPTURE_AUTORELEASING = YES;
				CLANG_WARN_BOOL_CONVERSION = YES;
				CLANG_WARN_COMMA = YES;
				CLANG_WARN_CONSTANT_CONVERSION = YES;
				CLANG_WARN_DEPRECATED_OBJC_IMPLEMENTATIONS = YES;
				CLANG_WARN_DIRECT_OBJC_ISA_USAGE = YES_ERROR;
				CLANG_WARN_DOCUMENTATION_COMMENTS = YES;
				CLANG_WARN_EMPTY_BODY = YES;
				CLANG_WARN_ENUM_CONVERSION = YES;
				CLANG_WARN_INFINITE_RECURSION = YES;
				CLANG_WARN_INT_CONVERSION = YES;
				CLANG_WARN_NON_LITERAL_NULL_CONVERSION = YES;
				CLANG_WARN_OBJC_IMPLICIT_RETAIN_SELF = YES;
				CLANG_WARN_OBJC_LITERAL_CONVERSION = YES;
				CLANG_WARN_OBJC_ROOT_CLASS = YES_ERROR;
				CLANG_WARN_QUOTED_INCLUDE_IN_FRAMEWORK_HEADER = YES;
				CLANG_WARN_RANGE_LOOP_ANALYSIS = YES;
				CLANG_WARN_STRICT_PROTOTYPES = YES;
				CLANG_WARN_SUSPICIOUS_MOVE = YES;
				CLANG_WARN_UNGUARDED_AVAILABILITY = YES_AGGRESSIVE;
				CLANG_WARN_UNREACHABLE_CODE = YES;
				CLANG_WARN__DUPLICATE_METHOD_MATCH = YES;
				COPY_PHASE_STRIP = NO;
				DEBUG_INFORMATION_FORMAT = "dwarf-with-dsym";
				ENABLE_NS_ASSERTIONS = NO;
				ENABLE_STRICT_OBJC_MSGSEND = YES;
				GCC_C_LANGUAGE_STANDARD = gnu11;
				GCC_NO_COMMON_BLOCKS = YES;
				GCC_WARN_64_TO_32_BIT_CONVERSION = YES;
				GCC_WARN_ABOUT_RETURN_TYPE = YES_ERROR;
				GCC_WARN_UNDECLARED_SELECTOR = YES;
				GCC_WARN_UNINITIALIZED_AUTOS = YES_AGGRESSIVE;
				GCC_WARN_UNUSED_FUNCTION = YES;
				GCC_WARN_UNUSED_VARIABLE = YES;
				IPHONEOS_DEPLOYMENT_TARGET = 16.4;
				MTL_ENABLE_DEBUG_INFO = NO;
				MTL_FAST_MATH = YES;
				SDKROOT = iphoneos;
				SWIFT_COMPILATION_MODE = wholemodule;
				SWIFT_OPTIMIZATION_LEVEL = "-O";
				VALIDATE_PRODUCT = YES;
			};
			name = Release;
		};
		70E4D5052A535ABA0081A56C /* Debug */ = {
			isa = XCBuildConfiguration;
			buildSettings = {
				ASSETCATALOG_COMPILER_APPICON_NAME = AppIcon;
				ASSETCATALOG_COMPILER_GLOBAL_ACCENT_COLOR_NAME = AccentColor;
				CODE_SIGN_STYLE = Automatic;
				CURRENT_PROJECT_VERSION = 1;
				DEVELOPMENT_ASSET_PATHS = "\"animations/Preview Content\"";
				DEVELOPMENT_TEAM = 5UVUR3L7C9;
				ENABLE_PREVIEWS = YES;
				GENERATE_INFOPLIST_FILE = YES;
				INFOPLIST_KEY_UIApplicationSceneManifest_Generation = YES;
				INFOPLIST_KEY_UIApplicationSupportsIndirectInputEvents = YES;
				INFOPLIST_KEY_UILaunchScreen_Generation = YES;
				INFOPLIST_KEY_UISupportedInterfaceOrientations_iPad = "UIInterfaceOrientationPortrait UIInterfaceOrientationPortraitUpsideDown UIInterfaceOrientationLandscapeLeft UIInterfaceOrientationLandscapeRight";
				INFOPLIST_KEY_UISupportedInterfaceOrientations_iPhone = "UIInterfaceOrientationPortrait UIInterfaceOrientationLandscapeLeft UIInterfaceOrientationLandscapeRight";
				LD_RUNPATH_SEARCH_PATHS = (
					"$(inherited)",
					"@executable_path/Frameworks",
				);
				MARKETING_VERSION = 1.0;
				PRODUCT_BUNDLE_IDENTIFIER = com.DIVB.animations;
				PRODUCT_NAME = "$(TARGET_NAME)";
				SWIFT_EMIT_LOC_STRINGS = YES;
				SWIFT_VERSION = 5.0;
				TARGETED_DEVICE_FAMILY = "1,2";
			};
			name = Debug;
		};
		70E4D5062A535ABA0081A56C /* Release */ = {
			isa = XCBuildConfiguration;
			buildSettings = {
				ASSETCATALOG_COMPILER_APPICON_NAME = AppIcon;
				ASSETCATALOG_COMPILER_GLOBAL_ACCENT_COLOR_NAME = AccentColor;
				CODE_SIGN_STYLE = Automatic;
				CURRENT_PROJECT_VERSION = 1;
				DEVELOPMENT_ASSET_PATHS = "\"animations/Preview Content\"";
				DEVELOPMENT_TEAM = 5UVUR3L7C9;
				ENABLE_PREVIEWS = YES;
				GENERATE_INFOPLIST_FILE = YES;
				INFOPLIST_KEY_UIApplicationSceneManifest_Generation = YES;
				INFOPLIST_KEY_UIApplicationSupportsIndirectInputEvents = YES;
				INFOPLIST_KEY_UILaunchScreen_Generation = YES;
				INFOPLIST_KEY_UISupportedInterfaceOrientations_iPad = "UIInterfaceOrientationPortrait UIInterfaceOrientationPortraitUpsideDown UIInterfaceOrientationLandscapeLeft UIInterfaceOrientationLandscapeRight";
				INFOPLIST_KEY_UISupportedInterfaceOrientations_iPhone = "UIInterfaceOrientationPortrait UIInterfaceOrientationLandscapeLeft UIInterfaceOrientationLandscapeRight";
				LD_RUNPATH_SEARCH_PATHS = (
					"$(inherited)",
					"@executable_path/Frameworks",
				);
				MARKETING_VERSION = 1.0;
				PRODUCT_BUNDLE_IDENTIFIER = com.DIVB.animations;
				PRODUCT_NAME = "$(TARGET_NAME)";
				SWIFT_EMIT_LOC_STRINGS = YES;
				SWIFT_VERSION = 5.0;
				TARGETED_DEVICE_FAMILY = "1,2";
			};
			name = Release;
		};
		70E4D5082A535ABA0081A56C /* Debug */ = {
			isa = XCBuildConfiguration;
			buildSettings = {
				ALWAYS_EMBED_SWIFT_STANDARD_LIBRARIES = YES;
				BUNDLE_LOADER = "$(TEST_HOST)";
				CODE_SIGN_STYLE = Automatic;
				CURRENT_PROJECT_VERSION = 1;
				DEVELOPMENT_TEAM = 5UVUR3L7C9;
				GENERATE_INFOPLIST_FILE = YES;
				IPHONEOS_DEPLOYMENT_TARGET = 16.4;
				MARKETING_VERSION = 1.0;
				PRODUCT_BUNDLE_IDENTIFIER = com.DIVB.animationsTests;
				PRODUCT_NAME = "$(TARGET_NAME)";
				SWIFT_EMIT_LOC_STRINGS = NO;
				SWIFT_VERSION = 5.0;
				TARGETED_DEVICE_FAMILY = "1,2";
				TEST_HOST = "$(BUILT_PRODUCTS_DIR)/animations.app/$(BUNDLE_EXECUTABLE_FOLDER_PATH)/animations";
			};
			name = Debug;
		};
		70E4D5092A535ABA0081A56C /* Release */ = {
			isa = XCBuildConfiguration;
			buildSettings = {
				ALWAYS_EMBED_SWIFT_STANDARD_LIBRARIES = YES;
				BUNDLE_LOADER = "$(TEST_HOST)";
				CODE_SIGN_STYLE = Automatic;
				CURRENT_PROJECT_VERSION = 1;
				DEVELOPMENT_TEAM = 5UVUR3L7C9;
				GENERATE_INFOPLIST_FILE = YES;
				IPHONEOS_DEPLOYMENT_TARGET = 16.4;
				MARKETING_VERSION = 1.0;
				PRODUCT_BUNDLE_IDENTIFIER = com.DIVB.animationsTests;
				PRODUCT_NAME = "$(TARGET_NAME)";
				SWIFT_EMIT_LOC_STRINGS = NO;
				SWIFT_VERSION = 5.0;
				TARGETED_DEVICE_FAMILY = "1,2";
				TEST_HOST = "$(BUILT_PRODUCTS_DIR)/animations.app/$(BUNDLE_EXECUTABLE_FOLDER_PATH)/animations";
			};
			name = Release;
		};
		70E4D50B2A535ABA0081A56C /* Debug */ = {
			isa = XCBuildConfiguration;
			buildSettings = {
				ALWAYS_EMBED_SWIFT_STANDARD_LIBRARIES = YES;
				CODE_SIGN_STYLE = Automatic;
				CURRENT_PROJECT_VERSION = 1;
				DEVELOPMENT_TEAM = 5UVUR3L7C9;
				GENERATE_INFOPLIST_FILE = YES;
				MARKETING_VERSION = 1.0;
				PRODUCT_BUNDLE_IDENTIFIER = com.DIVB.animationsUITests;
				PRODUCT_NAME = "$(TARGET_NAME)";
				SWIFT_EMIT_LOC_STRINGS = NO;
				SWIFT_VERSION = 5.0;
				TARGETED_DEVICE_FAMILY = "1,2";
				TEST_TARGET_NAME = animations;
			};
			name = Debug;
		};
		70E4D50C2A535ABA0081A56C /* Release */ = {
			isa = XCBuildConfiguration;
			buildSettings = {
				ALWAYS_EMBED_SWIFT_STANDARD_LIBRARIES = YES;
				CODE_SIGN_STYLE = Automatic;
				CURRENT_PROJECT_VERSION = 1;
				DEVELOPMENT_TEAM = 5UVUR3L7C9;
				GENERATE_INFOPLIST_FILE = YES;
				MARKETING_VERSION = 1.0;
				PRODUCT_BUNDLE_IDENTIFIER = com.DIVB.animationsUITests;
				PRODUCT_NAME = "$(TARGET_NAME)";
				SWIFT_EMIT_LOC_STRINGS = NO;
				SWIFT_VERSION = 5.0;
				TARGETED_DEVICE_FAMILY = "1,2";
				TEST_TARGET_NAME = animations;
			};
			name = Release;
		};
/* End XCBuildConfiguration section */

/* Begin XCConfigurationList section */
		70E4D4DB2A535AB90081A56C /* Build configuration list for PBXProject "animations" */ = {
			isa = XCConfigurationList;
			buildConfigurations = (
				70E4D5022A535ABA0081A56C /* Debug */,
				70E4D5032A535ABA0081A56C /* Release */,
			);
			defaultConfigurationIsVisible = 0;
			defaultConfigurationName = Release;
		};
		70E4D5042A535ABA0081A56C /* Build configuration list for PBXNativeTarget "animations" */ = {
			isa = XCConfigurationList;
			buildConfigurations = (
				70E4D5052A535ABA0081A56C /* Debug */,
				70E4D5062A535ABA0081A56C /* Release */,
			);
			defaultConfigurationIsVisible = 0;
			defaultConfigurationName = Release;
		};
		70E4D5072A535ABA0081A56C /* Build configuration list for PBXNativeTarget "animationsTests" */ = {
			isa = XCConfigurationList;
			buildConfigurations = (
				70E4D5082A535ABA0081A56C /* Debug */,
				70E4D5092A535ABA0081A56C /* Release */,
			);
			defaultConfigurationIsVisible = 0;
			defaultConfigurationName = Release;
		};
		70E4D50A2A535ABA0081A56C /* Build configuration list for PBXNativeTarget "animationsUITests" */ = {
			isa = XCConfigurationList;
			buildConfigurations = (
				70E4D50B2A535ABA0081A56C /* Debug */,
				70E4D50C2A535ABA0081A56C /* Release */,
			);
			defaultConfigurationIsVisible = 0;
			defaultConfigurationName = Release;
		};
/* End XCConfigurationList section */
	};
	rootObject = 70E4D4D82A535AB90081A56C /* Project object */;
}
